
Microsoft Visual Studio Solution File, Format Version 12.00
# Visual Studio Version 16
VisualStudioVersion = 16.0.29306.81
MinimumVisualStudioVersion = 10.0.40219.1
Project("{FAE04EC0-301F-11D3-BF4B-00C04F79EFBC}") = "Arrays1", "Arrays1\Arrays1.csproj", "{C09A1063-2A10-43E4-8A30-240E54EDDABB}"
EndProject
Global
	GlobalSection(SolutionConfigurationPlatforms) = preSolution
		Debug|Any CPU = Debug|Any CPU
		Release|Any CPU = Release|Any CPU
	EndGlobalSection
	GlobalSection(ProjectConfigurationPlatforms) = postSolution
		{C09A1063-2A10-43E4-8A30-240E54EDDABB}.Debug|Any CPU.ActiveCfg = Debug|Any CPU
		{C09A1063-2A10-43E4-8A30-240E54EDDABB}.Debug|Any CPU.Build.0 = Debug|Any CPU
		{C09A1063-2A10-43E4-8A30-240E54EDDABB}.Release|Any CPU.ActiveCfg = Release|Any CPU
		{C09A1063-2A10-43E4-8A30-240E54EDDABB}.Release|Any CPU.Build.0 = Release|Any CPU
	EndGlobalSection
	GlobalSection(SolutionProperties) = preSolution
		HideSolutionNode = FALSE
	EndGlobalSection
	GlobalSection(ExtensibilityGlobals) = postSolution
		SolutionGuid = {28D76BA3-3FFF-4027-AF94-FFC74BF3ECE0}
	EndGlobalSection
EndGlobal
